ffmpeg:
  version: "6.0"
  url: https://ffmpeg.org/releases/ffmpeg-6.0.tar.xz
  sha256: 57be87c22d9b49c112b6d24bc67d42508660e6b718b3db89c44e47e289137082
freetype:
  version: 2.13.1
  url: https://downloads.sourceforge.net/project/freetype/freetype2/2.13.1/freetype-2.13.1.tar.xz
  sha256: ea67e3b019b1104d1667aa274f5dc307d8cbd606b399bc32df308a77f1a564bf
fribidi:
  version: 1.0.13
  url: https://github.com/fribidi/fribidi/releases/download/v1.0.13/fribidi-1.0.13.tar.xz
  sha256: 7fa16c80c81bd622f7b198d31356da139cc318a63fc7761217af4130903f54a2
harfbuzz:
  version: 8.0.1
  url: https://github.com/harfbuzz/harfbuzz/archive/8.0.1.tar.gz
  sha256: d54ca67b6a0bf732b66a343566446d7f93df2bb850133f886c0082fb618a06b2
libass:
  version: 0.17.1
  url: https://github.com/libass/libass/releases/download/0.17.1/libass-0.17.1.tar.xz
  sha256: f0da0bbfba476c16ae3e1cfd862256d30915911f7abaa1b16ce62ee653192784
libressl:
  version: 3.7.3
  url: https://cdn.openbsd.org/pub/OpenBSD/LibreSSL/libressl-3.7.3.tar.gz
  sha256: 7948c856a90c825bd7268b6f85674a8dcd254bae42e221781b24e3f8dc335db3
libxml2:
  version: 2.11.4
  url: https://download.gnome.org/sources/libxml2/2.11/libxml2-2.11.4.tar.xz
  sha256: 737e1d7f8ab3f139729ca13a2494fd17bf30ddb4b7a427cf336252cab57f57f7
mpv:
  version: 0.36.0
  url: https://github.com/mpv-player/mpv/archive/refs/tags/v0.36.0.tar.gz
  sha256: 29abc44f8ebee013bb2f9fe14d80b30db19b534c679056e4851ceadf5a5e8bf6
pkg-config:
  version: 0.29.2
  url: https://pkgconfig.freedesktop.org/releases/pkg-config-0.29.2.tar.gz
  sha256: 6fc69c01688c9458a57eb9a1664c9aba372ccda420a02bf4429fe610e7e7d591
uchardet:
  version: 0.0.8
  url: https://www.freedesktop.org/software/uchardet/releases/uchardet-0.0.8.tar.xz
  sha256: e97a60cfc00a1c147a674b097bb1422abd9fa78a2d9ce3f3fdcc2e78a34ac5f0

