ffmpeg:
  version: "6.0"
  url: https://ffmpeg.org/releases/ffmpeg-6.0.tar.xz
  sha256: 57be87c22d9b49c112b6d24bc67d42508660e6b718b3db89c44e47e289137082
freetype:
  version: 2.13.2
  url: https://downloads.sourceforge.net/project/freetype/freetype2/2.13.2/freetype-2.13.2.tar.xz
  sha256: 12991c4e55c506dd7f9b765933e62fd2be2e06d421505d7950a132e4f1bb484d
fribidi:
  version: 1.0.13
  url: https://github.com/fribidi/fribidi/releases/download/v1.0.13/fribidi-1.0.13.tar.xz
  sha256: 7fa16c80c81bd622f7b198d31356da139cc318a63fc7761217af4130903f54a2
harfbuzz:
  version: 8.1.1
  url: https://github.com/harfbuzz/harfbuzz/archive/8.1.1.tar.gz
  sha256: b16e6bc0fc7e6a218583f40c7d201771f2e3072f85ef6e9217b36c1dc6b2aa25
libass:
  version: 0.17.1
  url: https://github.com/libass/libass/releases/download/0.17.1/libass-0.17.1.tar.xz
  sha256: f0da0bbfba476c16ae3e1cfd862256d30915911f7abaa1b16ce62ee653192784
libressl:
  version: 3.7.3
  url: https://cdn.openbsd.org/pub/OpenBSD/LibreSSL/libressl-3.7.3.tar.gz
  sha256: 7948c856a90c825bd7268b6f85674a8dcd254bae42e221781b24e3f8dc335db3
libxml2:
  version: 2.11.5
  url: https://download.gnome.org/sources/libxml2/2.11/libxml2-2.11.5.tar.xz
  sha256: 3727b078c360ec69fa869de14bd6f75d7ee8d36987b071e6928d4720a28df3a6
mpv:
  version: 0.36.0
  url: https://github.com/mpv-player/mpv/archive/refs/tags/v0.36.0.tar.gz
  sha256: 29abc44f8ebee013bb2f9fe14d80b30db19b534c679056e4851ceadf5a5e8bf6
pkg-config:
  version: 0.29.2
  url: https://pkgconfig.freedesktop.org/releases/pkg-config-0.29.2.tar.gz
  sha256: 6fc69c01688c9458a57eb9a1664c9aba372ccda420a02bf4429fe610e7e7d591
uchardet:
  version: 0.0.8
  url: https://www.freedesktop.org/software/uchardet/releases/uchardet-0.0.8.tar.xz
  sha256: e97a60cfc00a1c147a674b097bb1422abd9fa78a2d9ce3f3fdcc2e78a34ac5f0

