ffmpeg:
  version: 5.1.2
  url: https://ffmpeg.org/releases/ffmpeg-5.1.2.tar.xz
  sha256: 619e706d662c8420859832ddc259cd4d4096a48a2ce1eefd052db9e440eef3dc
freetype:
  version: 2.13.0
  url: https://downloads.sourceforge.net/project/freetype/freetype2/2.13.0/freetype-2.13.0.tar.xz
  sha256: 5ee23abd047636c24b2d43c6625dcafc66661d1aca64dec9e0d05df29592624c
fribidi:
  version: 1.0.12
  url: https://github.com/fribidi/fribidi/releases/download/v1.0.12/fribidi-1.0.12.tar.xz
  sha256: 0cd233f97fc8c67bb3ac27ce8440def5d3ffacf516765b91c2cc654498293495
harfbuzz:
  version: 7.1.0
  url: https://github.com/harfbuzz/harfbuzz/archive/7.1.0.tar.gz
  sha256: 6c7a358c6e134bd6da4fe39f59ec273ff0ee461697945027b7538287b8c73b1e
libass:
  version: 0.17.1
  url: https://github.com/libass/libass/releases/download/0.17.1/libass-0.17.1.tar.xz
  sha256: f0da0bbfba476c16ae3e1cfd862256d30915911f7abaa1b16ce62ee653192784
libressl:
  version: 3.6.2
  url: https://cdn.openbsd.org/pub/OpenBSD/LibreSSL/libressl-3.6.2.tar.gz
  sha256: 4be80fff073746cf50b4a8e5babe2795acae98c6b132a9e02519b445dfbfd033
mpv:
  version: 0.35.1
  url: https://github.com/mpv-player/mpv/archive/refs/tags/v0.35.1.tar.gz
  sha256: 41df981b7b84e33a2ef4478aaf81d6f4f5c8b9cd2c0d337ac142fc20b387d1a9
pkg-config:
  version: 0.29.2
  url: https://pkgconfig.freedesktop.org/releases/pkg-config-0.29.2.tar.gz
  sha256: 6fc69c01688c9458a57eb9a1664c9aba372ccda420a02bf4429fe610e7e7d591
uchardet:
  version: 0.0.8
  url: https://www.freedesktop.org/software/uchardet/releases/uchardet-0.0.8.tar.xz
  sha256: e97a60cfc00a1c147a674b097bb1422abd9fa78a2d9ce3f3fdcc2e78a34ac5f0

